
Microsoft Visual Studio Solution File, Format Version 12.00
# Visual Studio Version 16
VisualStudioVersion = 16.0.29905.134
MinimumVisualStudioVersion = 10.0.40219.1
Project("{FAE04EC0-301F-11D3-BF4B-00C04F79EFBC}") = "Assignment.Desktop", "Assignment.Desktop\Assignment.Desktop.csproj", "{60B1FA44-42D8-48B2-89A6-D7590EE2A988}"
EndProject
Project("{FAE04EC0-301F-11D3-BF4B-00C04F79EFBC}") = "Assignment.Entities", "Assignment.Entities\Assignment.Entities.csproj", "{F4223EF3-4751-4A83-B1DE-F6B26B670FD0}"
EndProject
Project("{FAE04EC0-301F-11D3-BF4B-00C04F79EFBC}") = "Assigment.Database", "Assigment.Database\Assigment.Database.csproj", "{9D129DAE-0B9F-4CC7-BD44-E1F625E12869}"
EndProject
Project("{FAE04EC0-301F-11D3-BF4B-00C04F79EFBC}") = "Assigment.Services", "Assigment.Services\Assigment.Services.csproj", "{2C86F35E-70BD-46F3-8D38-07A66A857E45}"
EndProject
Project("{FAE04EC0-301F-11D3-BF4B-00C04F79EFBC}") = "Assigment.App", "Assigment.App\Assigment.App.csproj", "{003BE97C-C46E-4ED8-B6F3-8CFCE2B223BD}"
EndProject
Project("{FAE04EC0-301F-11D3-BF4B-00C04F79EFBC}") = "AssigmentForm", "AssigmentForm\AssigmentForm.csproj", "{DA9691D2-CC09-4EFC-B65F-C815844B50D2}"
EndProject
Global
	GlobalSection(SolutionConfigurationPlatforms) = preSolution
		Debug|Any CPU = Debug|Any CPU
		Release|Any CPU = Release|Any CPU
	EndGlobalSection
	GlobalSection(ProjectConfigurationPlatforms) = postSolution
		{60B1FA44-42D8-48B2-89A6-D7590EE2A988}.Debug|Any CPU.ActiveCfg = Debug|Any CPU
		{60B1FA44-42D8-48B2-89A6-D7590EE2A988}.Debug|Any CPU.Build.0 = Debug|Any CPU
		{60B1FA44-42D8-48B2-89A6-D7590EE2A988}.Release|Any CPU.ActiveCfg = Release|Any CPU
		{60B1FA44-42D8-48B2-89A6-D7590EE2A988}.Release|Any CPU.Build.0 = Release|Any CPU
		{F4223EF3-4751-4A83-B1DE-F6B26B670FD0}.Debug|Any CPU.ActiveCfg = Debug|Any CPU
		{F4223EF3-4751-4A83-B1DE-F6B26B670FD0}.Debug|Any CPU.Build.0 = Debug|Any CPU
		{F4223EF3-4751-4A83-B1DE-F6B26B670FD0}.Release|Any CPU.ActiveCfg = Release|Any CPU
		{F4223EF3-4751-4A83-B1DE-F6B26B670FD0}.Release|Any CPU.Build.0 = Release|Any CPU
		{9D129DAE-0B9F-4CC7-BD44-E1F625E12869}.Debug|Any CPU.ActiveCfg = Debug|Any CPU
		{9D129DAE-0B9F-4CC7-BD44-E1F625E12869}.Debug|Any CPU.Build.0 = Debug|Any CPU
		{9D129DAE-0B9F-4CC7-BD44-E1F625E12869}.Release|Any CPU.ActiveCfg = Release|Any CPU
		{9D129DAE-0B9F-4CC7-BD44-E1F625E12869}.Release|Any CPU.Build.0 = Release|Any CPU
		{2C86F35E-70BD-46F3-8D38-07A66A857E45}.Debug|Any CPU.ActiveCfg = Debug|Any CPU
		{2C86F35E-70BD-46F3-8D38-07A66A857E45}.Debug|Any CPU.Build.0 = Debug|Any CPU
		{2C86F35E-70BD-46F3-8D38-07A66A857E45}.Release|Any CPU.ActiveCfg = Release|Any CPU
		{2C86F35E-70BD-46F3-8D38-07A66A857E45}.Release|Any CPU.Build.0 = Release|Any CPU
		{003BE97C-C46E-4ED8-B6F3-8CFCE2B223BD}.Debug|Any CPU.ActiveCfg = Debug|Any CPU
		{003BE97C-C46E-4ED8-B6F3-8CFCE2B223BD}.Debug|Any CPU.Build.0 = Debug|Any CPU
		{003BE97C-C46E-4ED8-B6F3-8CFCE2B223BD}.Release|Any CPU.ActiveCfg = Release|Any CPU
		{003BE97C-C46E-4ED8-B6F3-8CFCE2B223BD}.Release|Any CPU.Build.0 = Release|Any CPU
		{DA9691D2-CC09-4EFC-B65F-C815844B50D2}.Debug|Any CPU.ActiveCfg = Debug|Any CPU
		{DA9691D2-CC09-4EFC-B65F-C815844B50D2}.Debug|Any CPU.Build.0 = Debug|Any CPU
		{DA9691D2-CC09-4EFC-B65F-C815844B50D2}.Release|Any CPU.ActiveCfg = Release|Any CPU
		{DA9691D2-CC09-4EFC-B65F-C815844B50D2}.Release|Any CPU.Build.0 = Release|Any CPU
	EndGlobalSection
	GlobalSection(SolutionProperties) = preSolution
		HideSolutionNode = FALSE
	EndGlobalSection
	GlobalSection(ExtensibilityGlobals) = postSolution
		SolutionGuid = {631CFB72-786A-4D33-982F-275AF2BFB4BE}
	EndGlobalSection
EndGlobal
